dependencies:
- name: postgresql
  repository: oci://registry-1.docker.io/bitnamicharts
  version: 18.7.11
- name: rabbitmq
  repository: oci://registry-1.docker.io/bitnamicharts
  version: 16.0.14
- name: keycloakx
  repository: https://codecentric.github.io/helm-charts
  version: 7.2.2
- name: cloudnative-pg
  repository: https://cloudnative-pg.github.io/charts
  version: 0.29.0
digest: sha256:a7c4829ed5c07ab3c667493dcff0f2a877b4a69941b59e5a3fd8766a223ad4ee
generated: "2026-08-13T07:44:30.9827574+07:00"
